
Microsoft Visual Studio Solution File, Format Version 12.00
# Visual Studio Version 17
VisualStudioVersion = 17.8.34316.72
MinimumVisualStudioVersion = 10.0.40219.1
Project("{FAE04EC0-301F-11D3-BF4B-00C04F79EFBC}") = "WarfareAndWarbands", "WarfareAndWarbands\WarfareAndWarbands.csproj", "{32BF4840-2346-48AC-B6C6-90C589EADAAE}"
EndProject
Global
	GlobalSection(SolutionConfigurationPlatforms) = preSolution
		Debug|Any CPU = Debug|Any CPU
		Release|Any CPU = Release|Any CPU
	EndGlobalSection
	GlobalSection(ProjectConfigurationPlatforms) = postSolution
		{32BF4840-2346-48AC-B6C6-90C589EADAAE}.Debug|Any CPU.ActiveCfg = Debug|Any CPU
		{32BF4840-2346-48AC-B6C6-90C589EADAAE}.Debug|Any CPU.Build.0 = Debug|Any CPU
		{32BF4840-2346-48AC-B6C6-90C589EADAAE}.Release|Any CPU.ActiveCfg = Release|Any CPU
		{32BF4840-2346-48AC-B6C6-90C589EADAAE}.Release|Any CPU.Build.0 = Release|Any CPU
	EndGlobalSection
	GlobalSection(SolutionProperties) = preSolution
		HideSolutionNode = FALSE
	EndGlobalSection
	GlobalSection(ExtensibilityGlobals) = postSolution
		SolutionGuid = {852FB8EE-B715-4393-B4B6-A5101E084F5C}
	EndGlobalSection
EndGlobal
